
Microsoft Visual Studio Solution File, Format Version 12.00
Project("{FAE04EC0-301F-11D3-BF4B-00C04F79EFBC}") = "Catalog.Api.Grpc", "Catalog.Api.Grpc\Catalog.Api.Grpc.csproj", "{95019A1E-EB17-4A00-BCC9-4F2CBF5473D3}"
EndProject
Project("{FAE04EC0-301F-11D3-BF4B-00C04F79EFBC}") = "Cart.Api.Grpc", "Cart.Api.Grpc\Cart.Api.Grpc.csproj", "{76B998C1-EB67-4900-81CE-71F307F7533B}"
EndProject
Project("{FAE04EC0-301F-11D3-BF4B-00C04F79EFBC}") = "Cart.DAL", "Cart.DAL\Cart.DAL.csproj", "{CCEA817A-1411-44D7-ABD5-08E3BFB7B15D}"
EndProject
Project("{FAE04EC0-301F-11D3-BF4B-00C04F79EFBC}") = "Catalog.Domain", "Catalog.Domain\Catalog.Domain.csproj", "{354E7B32-186A-4B35-903C-FCB537BF4A0D}"
EndProject
Project("{FAE04EC0-301F-11D3-BF4B-00C04F79EFBC}") = "Catalog.DAL", "Catalog.DAL\Catalog.DAL.csproj", "{D050F1C0-07F6-4890-B0F1-557617BD32ED}"
EndProject
Project("{FAE04EC0-301F-11D3-BF4B-00C04F79EFBC}") = "Cart.Core", "Cart.Core\Cart.Core.csproj", "{816D2894-6DFC-45D7-A5F6-3BF2607E2574}"
EndProject
Project("{FAE04EC0-301F-11D3-BF4B-00C04F79EFBC}") = "Catalog.App", "Catalog.App\Catalog.App.csproj", "{FEAC01F5-8AC9-409A-A70F-F96BEEAE49C1}"
EndProject
Project("{FAE04EC0-301F-11D3-BF4B-00C04F79EFBC}") = "Cart.Core.UnitTests", "Cart.Core.UnitTests\Cart.Core.UnitTests.csproj", "{7795454E-9B16-4BD0-B7E9-AACF1B10FA05}"
EndProject
Project("{FAE04EC0-301F-11D3-BF4B-00C04F79EFBC}") = "Catalog.App.UnitTests", "Catalog.App.UnitTests\Catalog.App.UnitTests.csproj", "{56F3998A-1000-49F5-8298-504F123D33D9}"
EndProject
Project("{FAE04EC0-301F-11D3-BF4B-00C04F79EFBC}") = "Cart.Api", "Cart.Api\Cart.Api.csproj", "{6299B1A7-AA25-4D72-854F-E3BEF032EE5F}"
EndProject
Project("{FAE04EC0-301F-11D3-BF4B-00C04F79EFBC}") = "Catalog.Api", "Catalog.Api\Catalog.Api.csproj", "{C4526684-35B8-42F5-9BE3-BEB3937F608D}"
EndProject
Project("{FAE04EC0-301F-11D3-BF4B-00C04F79EFBC}") = "Cart.Contracts", "Cart.Contracts\Cart.Contracts.csproj", "{C43B4300-F1F3-4C4C-9F51-4339CE9FC8A6}"
EndProject
Project("{2150E333-8FDC-42A3-9474-1A3956D46DE8}") = "Cart", "Cart", "{93B0BCA7-BC94-4C76-841D-E752921D7887}"
EndProject
Project("{2150E333-8FDC-42A3-9474-1A3956D46DE8}") = "Catalog", "Catalog", "{052945FA-2A73-45D8-936E-0A2900F1CD8A}"
EndProject
Project("{2150E333-8FDC-42A3-9474-1A3956D46DE8}") = "Shared", "Shared", "{C0D1062A-A288-4EDD-92F8-499F6354748E}"
EndProject
Project("{2150E333-8FDC-42A3-9474-1A3956D46DE8}") = "src", "src", "{7512B0AF-C3D8-47B5-9D48-C0B5EAC3D588}"
EndProject
Project("{2150E333-8FDC-42A3-9474-1A3956D46DE8}") = "tests", "tests", "{887189E3-E1DF-4088-93C5-913A7B195E30}"
EndProject
Project("{2150E333-8FDC-42A3-9474-1A3956D46DE8}") = "src", "src", "{BA7072E0-508D-49C6-8349-314C5C6D3932}"
EndProject
Project("{2150E333-8FDC-42A3-9474-1A3956D46DE8}") = "tests", "tests", "{148DA8FC-EA79-43B1-B0A8-82DBF3AE4B21}"
EndProject
Project("{2150E333-8FDC-42A3-9474-1A3956D46DE8}") = "API", "API", "{A34F586F-FE7D-4529-B0DB-CF7C9241CEDC}"
EndProject
Project("{2150E333-8FDC-42A3-9474-1A3956D46DE8}") = "Domain", "Domain", "{737A9F66-F1E7-451D-8380-4F00666B2536}"
EndProject
Project("{2150E333-8FDC-42A3-9474-1A3956D46DE8}") = "Infrastructure", "Infrastructure", "{72E6C29C-70D7-4A6C-9BB7-2A55041F77C7}"
EndProject
Project("{2150E333-8FDC-42A3-9474-1A3956D46DE8}") = "API", "API", "{820EB938-EF38-4DAF-9FE6-B02983367AB8}"
EndProject
Project("{2150E333-8FDC-42A3-9474-1A3956D46DE8}") = "Domain", "Domain", "{ED168A55-A179-488C-97DF-54D8B6FB3C04}"
EndProject
Project("{2150E333-8FDC-42A3-9474-1A3956D46DE8}") = "Infrastructure", "Infrastructure", "{1E1E041F-D12A-4E4C-BCAF-84A06A9998A6}"
EndProject
Project("{2150E333-8FDC-42A3-9474-1A3956D46DE8}") = "Application", "Application", "{11B6B191-B0CC-46E4-8E96-9BE46DEE6170}"
EndProject
Project("{FAE04EC0-301F-11D3-BF4B-00C04F79EFBC}") = "Cart.Queue", "Cart.Queue\Cart.Queue.csproj", "{D9367358-4EC5-41E5-A436-A2292C1194DC}"
EndProject
Project("{FAE04EC0-301F-11D3-BF4B-00C04F79EFBC}") = "Gateway.Api", "Gateway.Api\Gateway.Api.csproj", "{45A80610-723B-4333-9F65-5F193C145C51}"
EndProject
Project("{FAE04EC0-301F-11D3-BF4B-00C04F79EFBC}") = "Catalog.Api.Graph", "Catalog.Api.Graph\Catalog.Api.Graph.csproj", "{D97F8DEF-9F33-4677-82F8-2D1589B7B059}"
EndProject
Project("{FAE04EC0-301F-11D3-BF4B-00C04F79EFBC}") = "Catalog.Contracts", "Catalog.Contracts\Catalog.Contracts.csproj", "{DBB182F2-5873-4B18-BC5C-8941928CCCE6}"
EndProject
Global
	GlobalSection(SolutionConfigurationPlatforms) = preSolution
		Debug|Any CPU = Debug|Any CPU
		Release|Any CPU = Release|Any CPU
	EndGlobalSection
	GlobalSection(ProjectConfigurationPlatforms) = postSolution
		{95019A1E-EB17-4A00-BCC9-4F2CBF5473D3}.Debug|Any CPU.ActiveCfg = Debug|Any CPU
		{95019A1E-EB17-4A00-BCC9-4F2CBF5473D3}.Debug|Any CPU.Build.0 = Debug|Any CPU
		{95019A1E-EB17-4A00-BCC9-4F2CBF5473D3}.Release|Any CPU.ActiveCfg = Release|Any CPU
		{95019A1E-EB17-4A00-BCC9-4F2CBF5473D3}.Release|Any CPU.Build.0 = Release|Any CPU
		{76B998C1-EB67-4900-81CE-71F307F7533B}.Debug|Any CPU.ActiveCfg = Debug|Any CPU
		{76B998C1-EB67-4900-81CE-71F307F7533B}.Debug|Any CPU.Build.0 = Debug|Any CPU
		{76B998C1-EB67-4900-81CE-71F307F7533B}.Release|Any CPU.ActiveCfg = Release|Any CPU
		{76B998C1-EB67-4900-81CE-71F307F7533B}.Release|Any CPU.Build.0 = Release|Any CPU
		{CCEA817A-1411-44D7-ABD5-08E3BFB7B15D}.Debug|Any CPU.ActiveCfg = Debug|Any CPU
		{CCEA817A-1411-44D7-ABD5-08E3BFB7B15D}.Debug|Any CPU.Build.0 = Debug|Any CPU
		{CCEA817A-1411-44D7-ABD5-08E3BFB7B15D}.Release|Any CPU.ActiveCfg = Release|Any CPU
		{CCEA817A-1411-44D7-ABD5-08E3BFB7B15D}.Release|Any CPU.Build.0 = Release|Any CPU
		{354E7B32-186A-4B35-903C-FCB537BF4A0D}.Debug|Any CPU.ActiveCfg = Debug|Any CPU
		{354E7B32-186A-4B35-903C-FCB537BF4A0D}.Debug|Any CPU.Build.0 = Debug|Any CPU
		{354E7B32-186A-4B35-903C-FCB537BF4A0D}.Release|Any CPU.ActiveCfg = Release|Any CPU
		{354E7B32-186A-4B35-903C-FCB537BF4A0D}.Release|Any CPU.Build.0 = Release|Any CPU
		{D050F1C0-07F6-4890-B0F1-557617BD32ED}.Debug|Any CPU.ActiveCfg = Debug|Any CPU
		{D050F1C0-07F6-4890-B0F1-557617BD32ED}.Debug|Any CPU.Build.0 = Debug|Any CPU
		{D050F1C0-07F6-4890-B0F1-557617BD32ED}.Release|Any CPU.ActiveCfg = Release|Any CPU
		{D050F1C0-07F6-4890-B0F1-557617BD32ED}.Release|Any CPU.Build.0 = Release|Any CPU
		{816D2894-6DFC-45D7-A5F6-3BF2607E2574}.Debug|Any CPU.ActiveCfg = Debug|Any CPU
		{816D2894-6DFC-45D7-A5F6-3BF2607E2574}.Debug|Any CPU.Build.0 = Debug|Any CPU
		{816D2894-6DFC-45D7-A5F6-3BF2607E2574}.Release|Any CPU.ActiveCfg = Release|Any CPU
		{816D2894-6DFC-45D7-A5F6-3BF2607E2574}.Release|Any CPU.Build.0 = Release|Any CPU
		{FEAC01F5-8AC9-409A-A70F-F96BEEAE49C1}.Debug|Any CPU.ActiveCfg = Debug|Any CPU
		{FEAC01F5-8AC9-409A-A70F-F96BEEAE49C1}.Debug|Any CPU.Build.0 = Debug|Any CPU
		{FEAC01F5-8AC9-409A-A70F-F96BEEAE49C1}.Release|Any CPU.ActiveCfg = Release|Any CPU
		{FEAC01F5-8AC9-409A-A70F-F96BEEAE49C1}.Release|Any CPU.Build.0 = Release|Any CPU
		{7795454E-9B16-4BD0-B7E9-AACF1B10FA05}.Debug|Any CPU.ActiveCfg = Debug|Any CPU
		{7795454E-9B16-4BD0-B7E9-AACF1B10FA05}.Debug|Any CPU.Build.0 = Debug|Any CPU
		{7795454E-9B16-4BD0-B7E9-AACF1B10FA05}.Release|Any CPU.ActiveCfg = Release|Any CPU
		{7795454E-9B16-4BD0-B7E9-AACF1B10FA05}.Release|Any CPU.Build.0 = Release|Any CPU
		{56F3998A-1000-49F5-8298-504F123D33D9}.Debug|Any CPU.ActiveCfg = Debug|Any CPU
		{56F3998A-1000-49F5-8298-504F123D33D9}.Debug|Any CPU.Build.0 = Debug|Any CPU
		{56F3998A-1000-49F5-8298-504F123D33D9}.Release|Any CPU.ActiveCfg = Release|Any CPU
		{56F3998A-1000-49F5-8298-504F123D33D9}.Release|Any CPU.Build.0 = Release|Any CPU
		{6299B1A7-AA25-4D72-854F-E3BEF032EE5F}.Debug|Any CPU.ActiveCfg = Debug|Any CPU
		{6299B1A7-AA25-4D72-854F-E3BEF032EE5F}.Debug|Any CPU.Build.0 = Debug|Any CPU
		{6299B1A7-AA25-4D72-854F-E3BEF032EE5F}.Release|Any CPU.ActiveCfg = Release|Any CPU
		{6299B1A7-AA25-4D72-854F-E3BEF032EE5F}.Release|Any CPU.Build.0 = Release|Any CPU
		{C4526684-35B8-42F5-9BE3-BEB3937F608D}.Debug|Any CPU.ActiveCfg = Debug|Any CPU
		{C4526684-35B8-42F5-9BE3-BEB3937F608D}.Debug|Any CPU.Build.0 = Debug|Any CPU
		{C4526684-35B8-42F5-9BE3-BEB3937F608D}.Release|Any CPU.ActiveCfg = Release|Any CPU
		{C4526684-35B8-42F5-9BE3-BEB3937F608D}.Release|Any CPU.Build.0 = Release|Any CPU
		{C43B4300-F1F3-4C4C-9F51-4339CE9FC8A6}.Debug|Any CPU.ActiveCfg = Debug|Any CPU
		{C43B4300-F1F3-4C4C-9F51-4339CE9FC8A6}.Debug|Any CPU.Build.0 = Debug|Any CPU
		{C43B4300-F1F3-4C4C-9F51-4339CE9FC8A6}.Release|Any CPU.ActiveCfg = Release|Any CPU
		{C43B4300-F1F3-4C4C-9F51-4339CE9FC8A6}.Release|Any CPU.Build.0 = Release|Any CPU
		{D9367358-4EC5-41E5-A436-A2292C1194DC}.Debug|Any CPU.ActiveCfg = Debug|Any CPU
		{D9367358-4EC5-41E5-A436-A2292C1194DC}.Debug|Any CPU.Build.0 = Debug|Any CPU
		{D9367358-4EC5-41E5-A436-A2292C1194DC}.Release|Any CPU.ActiveCfg = Release|Any CPU
		{D9367358-4EC5-41E5-A436-A2292C1194DC}.Release|Any CPU.Build.0 = Release|Any CPU
		{45A80610-723B-4333-9F65-5F193C145C51}.Debug|Any CPU.ActiveCfg = Debug|Any CPU
		{45A80610-723B-4333-9F65-5F193C145C51}.Debug|Any CPU.Build.0 = Debug|Any CPU
		{45A80610-723B-4333-9F65-5F193C145C51}.Release|Any CPU.ActiveCfg = Release|Any CPU
		{45A80610-723B-4333-9F65-5F193C145C51}.Release|Any CPU.Build.0 = Release|Any CPU
		{D97F8DEF-9F33-4677-82F8-2D1589B7B059}.Debug|Any CPU.ActiveCfg = Debug|Any CPU
		{D97F8DEF-9F33-4677-82F8-2D1589B7B059}.Debug|Any CPU.Build.0 = Debug|Any CPU
		{D97F8DEF-9F33-4677-82F8-2D1589B7B059}.Release|Any CPU.ActiveCfg = Release|Any CPU
		{D97F8DEF-9F33-4677-82F8-2D1589B7B059}.Release|Any CPU.Build.0 = Release|Any CPU
		{DBB182F2-5873-4B18-BC5C-8941928CCCE6}.Debug|Any CPU.ActiveCfg = Debug|Any CPU
		{DBB182F2-5873-4B18-BC5C-8941928CCCE6}.Debug|Any CPU.Build.0 = Debug|Any CPU
		{DBB182F2-5873-4B18-BC5C-8941928CCCE6}.Release|Any CPU.ActiveCfg = Release|Any CPU
		{DBB182F2-5873-4B18-BC5C-8941928CCCE6}.Release|Any CPU.Build.0 = Release|Any CPU
	EndGlobalSection
	GlobalSection(NestedProjects) = preSolution
		{7512B0AF-C3D8-47B5-9D48-C0B5EAC3D588} = {93B0BCA7-BC94-4C76-841D-E752921D7887}
		{887189E3-E1DF-4088-93C5-913A7B195E30} = {93B0BCA7-BC94-4C76-841D-E752921D7887}
		{7795454E-9B16-4BD0-B7E9-AACF1B10FA05} = {887189E3-E1DF-4088-93C5-913A7B195E30}
		{BA7072E0-508D-49C6-8349-314C5C6D3932} = {052945FA-2A73-45D8-936E-0A2900F1CD8A}
		{148DA8FC-EA79-43B1-B0A8-82DBF3AE4B21} = {052945FA-2A73-45D8-936E-0A2900F1CD8A}
		{56F3998A-1000-49F5-8298-504F123D33D9} = {148DA8FC-EA79-43B1-B0A8-82DBF3AE4B21}
		{C43B4300-F1F3-4C4C-9F51-4339CE9FC8A6} = {C0D1062A-A288-4EDD-92F8-499F6354748E}
		{A34F586F-FE7D-4529-B0DB-CF7C9241CEDC} = {7512B0AF-C3D8-47B5-9D48-C0B5EAC3D588}
		{6299B1A7-AA25-4D72-854F-E3BEF032EE5F} = {A34F586F-FE7D-4529-B0DB-CF7C9241CEDC}
		{76B998C1-EB67-4900-81CE-71F307F7533B} = {A34F586F-FE7D-4529-B0DB-CF7C9241CEDC}
		{737A9F66-F1E7-451D-8380-4F00666B2536} = {7512B0AF-C3D8-47B5-9D48-C0B5EAC3D588}
		{816D2894-6DFC-45D7-A5F6-3BF2607E2574} = {737A9F66-F1E7-451D-8380-4F00666B2536}
		{72E6C29C-70D7-4A6C-9BB7-2A55041F77C7} = {7512B0AF-C3D8-47B5-9D48-C0B5EAC3D588}
		{CCEA817A-1411-44D7-ABD5-08E3BFB7B15D} = {72E6C29C-70D7-4A6C-9BB7-2A55041F77C7}
		{820EB938-EF38-4DAF-9FE6-B02983367AB8} = {BA7072E0-508D-49C6-8349-314C5C6D3932}
		{C4526684-35B8-42F5-9BE3-BEB3937F608D} = {820EB938-EF38-4DAF-9FE6-B02983367AB8}
		{95019A1E-EB17-4A00-BCC9-4F2CBF5473D3} = {820EB938-EF38-4DAF-9FE6-B02983367AB8}
		{ED168A55-A179-488C-97DF-54D8B6FB3C04} = {BA7072E0-508D-49C6-8349-314C5C6D3932}
		{1E1E041F-D12A-4E4C-BCAF-84A06A9998A6} = {BA7072E0-508D-49C6-8349-314C5C6D3932}
		{D050F1C0-07F6-4890-B0F1-557617BD32ED} = {1E1E041F-D12A-4E4C-BCAF-84A06A9998A6}
		{11B6B191-B0CC-46E4-8E96-9BE46DEE6170} = {BA7072E0-508D-49C6-8349-314C5C6D3932}
		{FEAC01F5-8AC9-409A-A70F-F96BEEAE49C1} = {11B6B191-B0CC-46E4-8E96-9BE46DEE6170}
		{354E7B32-186A-4B35-903C-FCB537BF4A0D} = {ED168A55-A179-488C-97DF-54D8B6FB3C04}
		{D9367358-4EC5-41E5-A436-A2292C1194DC} = {72E6C29C-70D7-4A6C-9BB7-2A55041F77C7}
		{45A80610-723B-4333-9F65-5F193C145C51} = {C0D1062A-A288-4EDD-92F8-499F6354748E}
		{D97F8DEF-9F33-4677-82F8-2D1589B7B059} = {820EB938-EF38-4DAF-9FE6-B02983367AB8}
		{DBB182F2-5873-4B18-BC5C-8941928CCCE6} = {820EB938-EF38-4DAF-9FE6-B02983367AB8}
	EndGlobalSection
EndGlobal
